
Microsoft Visual Studio Solution File, Format Version 12.00
# Visual Studio 14
VisualStudioVersion = 14.0.24720.0
MinimumVisualStudioVersion = 10.0.40219.1
Project("{FAE04EC0-301F-11D3-BF4B-00C04F79EFBC}") = "CampusNabber", "CampusNabber\CampusNabber.csproj", "{D5AA3FE1-8C88-4592-A390-B45B092E65E6}"
EndProject
Project("{FAE04EC0-301F-11D3-BF4B-00C04F79EFBC}") = "CampusNabber.Tests", "CampusNabber.Tests\CampusNabber.Tests.csproj", "{0D3346F5-CA95-4F7A-B01A-027D54219AEE}"
EndProject
Global
	GlobalSection(SolutionConfigurationPlatforms) = preSolution
		Debug|Any CPU = Debug|Any CPU
		Release|Any CPU = Release|Any CPU
	EndGlobalSection
	GlobalSection(ProjectConfigurationPlatforms) = postSolution
		{D5AA3FE1-8C88-4592-A390-B45B092E65E6}.Debug|Any CPU.ActiveCfg = Debug|Any CPU
		{D5AA3FE1-8C88-4592-A390-B45B092E65E6}.Debug|Any CPU.Build.0 = Debug|Any CPU
		{D5AA3FE1-8C88-4592-A390-B45B092E65E6}.Release|Any CPU.ActiveCfg = Release|Any CPU
		{D5AA3FE1-8C88-4592-A390-B45B092E65E6}.Release|Any CPU.Build.0 = Release|Any CPU
		{0D3346F5-CA95-4F7A-B01A-027D54219AEE}.Debug|Any CPU.ActiveCfg = Debug|Any CPU
		{0D3346F5-CA95-4F7A-B01A-027D54219AEE}.Debug|Any CPU.Build.0 = Debug|Any CPU
		{0D3346F5-CA95-4F7A-B01A-027D54219AEE}.Release|Any CPU.ActiveCfg = Release|Any CPU
		{0D3346F5-CA95-4F7A-B01A-027D54219AEE}.Release|Any CPU.Build.0 = Release|Any CPU
	EndGlobalSection
	GlobalSection(SolutionProperties) = preSolution
		HideSolutionNode = FALSE
	EndGlobalSection
EndGlobal
